// !$*UTF8*$!
{
	archiveVersion = 1;
	classes = {
	};
	objectVersion = 56;
	objects = {

/* Begin PBXBuildFile section */
		0D2AAA482ABB0DBC00452F15 /* H4X0R_NewsApp.swift in Sources */ = {isa = PBXBuildFile; fileRef = 0D2AAA472ABB0DBC00452F15 /* H4X0R_NewsApp.swift */; };
		0D2AAA4A2ABB0DBC00452F15 /* ContentView.swift in Sources */ = {isa = PBXBuildFile; fileRef = 0D2AAA492ABB0DBC00452F15 /* ContentView.swift */; };
		0D2AAA4C2ABB0DBF00452F15 /* Assets.xcassets in Resources */ = {isa = PBXBuildFile; fileRef = 0D2AAA4B2ABB0DBF00452F15 /* Assets.xcassets */; };
		0D2AAA4F2ABB0DBF00452F15 /* Preview Assets.xcassets in Resources */ = {isa = PBXBuildFile; fileRef = 0D2AAA4E2ABB0DBF00452F15 /* Preview Assets.xcassets */; };
		0D2AAA592ABB0DBF00452F15 /* H4X0R_NewsTests.swift in Sources */ = {isa = PBXBuildFile; fileRef = 0D2AAA582ABB0DBF00452F15 /* H4X0R_NewsTests.swift */; };
		0D2AAA632ABB0DBF00452F15 /* H4X0R_NewsUITests.swift in Sources */ = {isa = PBXBuildFile; fileRef = 0D2AAA622ABB0DBF00452F15 /* H4X0R_NewsUITests.swift */; };
		0D2AAA652ABB0DBF00452F15 /* H4X0R_NewsUITestsLaunchTests.swift in Sources */ = {isa = PBXBuildFile; fileRef = 0D2AAA642ABB0DBF00452F15 /* H4X0R_NewsUITestsLaunchTests.swift */; };
		0D2AAA722ABC72BA00452F15 /* NetworkManager.swift in Sources */ = {isa = PBXBuildFile; fileRef = 0D2AAA712ABC72BA00452F15 /* NetworkManager.swift */; };
		0D2AAA742ABC74BE00452F15 /* HackerNewsResponse.swift in Sources */ = {isa = PBXBuildFile; fileRef = 0D2AAA732ABC74BE00452F15 /* HackerNewsResponse.swift */; };
		0D2AAA772ABCC1D100452F15 /* DetailsView.swift in Sources */ = {isa = PBXBuildFile; fileRef = 0D2AAA762ABCC1D100452F15 /* DetailsView.swift */; };
		0D2AAA7A2ABCCA4600452F15 /* WebView.swift in Sources */ = {isa = PBXBuildFile; fileRef = 0D2AAA792ABCCA4600452F15 /* WebView.swift */; };
/* End PBXBuildFile section */

/* Begin PBXContainerItemProxy section */
		0D2AAA552ABB0DBF00452F15 /* PBXContainerItemProxy */ = {
			isa = PBXContainerItemProxy;
			containerPortal = 0D2AAA3C2ABB0DBC00452F15 /* Project object */;
			proxyType = 1;
			remoteGlobalIDString = 0D2AAA432ABB0DBC00452F15;
			remoteInfo = "H4X0R News";
		};
		0D2AAA5F2ABB0DBF00452F15 /* PBXContainerItemProxy */ = {
			isa = PBXContainerItemProxy;
			containerPortal = 0D2AAA3C2ABB0DBC00452F15 /* Project object */;
			proxyType = 1;
			remoteGlobalIDString = 0D2AAA432ABB0DBC00452F15;
			remoteInfo = "H4X0R News";
		};
/* End PBXContainerItemProxy section */

/* Begin PBXFileReference section */
		0D2AAA442ABB0DBC00452F15 /* H4X0R News.app */ = {isa = PBXFileReference; explicitFileType = wrapper.application; includeInIndex = 0; path = "H4X0R News.app"; sourceTree = BUILT_PRODUCTS_DIR; };
		0D2AAA472ABB0DBC00452F15 /* H4X0R_NewsApp.swift */ = {isa = PBXFileReference; lastKnownFileType = sourcecode.swift; path = H4X0R_NewsApp.swift; sourceTree = "<group>"; };
		0D2AAA492ABB0DBC00452F15 /* ContentView.swift */ = {isa = PBXFileReference; lastKnownFileType = sourcecode.swift; path = ContentView.swift; sourceTree = "<group>"; };
		0D2AAA4B2ABB0DBF00452F15 /* Assets.xcassets */ = {isa = PBXFileReference; lastKnownFileType = folder.assetcatalog; path = Assets.xcassets; sourceTree = "<group>"; };
		0D2AAA4E2ABB0DBF00452F15 /* Preview Assets.xcassets */ = {isa = PBXFileReference; lastKnownFileType = folder.assetcatalog; path = "Preview Assets.xcassets"; sourceTree = "<group>"; };
		0D2AAA542ABB0DBF00452F15 /* H4X0R NewsTests.xctest */ = {isa = PBXFileReference; explicitFileType = wrapper.cfbundle; includeInIndex = 0; path = "H4X0R NewsTests.xctest"; sourceTree = BUILT_PRODUCTS_DIR; };
		0D2AAA582ABB0DBF00452F15 /* H4X0R_NewsTests.swift */ = {isa = PBXFileReference; lastKnownFileType = sourcecode.swift; path = H4X0R_NewsTests.swift; sourceTree = "<group>"; };
		0D2AAA5E2ABB0DBF00452F15 /* H4X0R NewsUITests.xctest */ = {isa = PBXFileReference; explicitFileType = wrapper.cfbundle; includeInIndex = 0; path = "H4X0R NewsUITests.xctest"; sourceTree = BUILT_PRODUCTS_DIR; };
		0D2AAA622ABB0DBF00452F15 /* H4X0R_NewsUITests.swift */ = {isa = PBXFileReference; lastKnownFileType = sourcecode.swift; path = H4X0R_NewsUITests.swift; sourceTree = "<group>"; };
		0D2AAA642ABB0DBF00452F15 /* H4X0R_NewsUITestsLaunchTests.swift */ = {isa = PBXFileReference; lastKnownFileType = sourcecode.swift; path = H4X0R_NewsUITestsLaunchTests.swift; sourceTree = "<group>"; };
		0D2AAA712ABC72BA00452F15 /* NetworkManager.swift */ = {isa = PBXFileReference; lastKnownFileType = sourcecode.swift; path = NetworkManager.swift; sourceTree = "<group>"; };
		0D2AAA732ABC74BE00452F15 /* HackerNewsResponse.swift */ = {isa = PBXFileReference; lastKnownFileType = sourcecode.swift; path = HackerNewsResponse.swift; sourceTree = "<group>"; };
		0D2AAA762ABCC1D100452F15 /* DetailsView.swift */ = {isa = PBXFileReference; lastKnownFileType = sourcecode.swift; path = DetailsView.swift; sourceTree = "<group>"; };
		0D2AAA792ABCCA4600452F15 /* WebView.swift */ = {isa = PBXFileReference; lastKnownFileType = sourcecode.swift; path = WebView.swift; sourceTree = "<group>"; };
/* End PBXFileReference section */

/* Begin PBXFrameworksBuildPhase section */
		0D2AAA412ABB0DBC00452F15 /* Frameworks */ = {
			isa = PBXFrameworksBuildPhase;
			buildActionMask = 2147483647;
			files = (
			);
			runOnlyForDeploymentPostprocessing = 0;
		};
		0D2AAA512ABB0DBF00452F15 /* Frameworks */ = {
			isa = PBXFrameworksBuildPhase;
			buildActionMask = 2147483647;
			files = (
			);
			runOnlyForDeploymentPostprocessing = 0;
		};
		0D2AAA5B2ABB0DBF00452F15 /* Frameworks */ = {
			isa = PBXFrameworksBuildPhase;
			buildActionMask = 2147483647;
			files = (
			);
			runOnlyForDeploymentPostprocessing = 0;
		};
/* End PBXFrameworksBuildPhase section */

/* Begin PBXGroup section */
		0D2AAA3B2ABB0DBC00452F15 = {
			isa = PBXGroup;
			children = (
				0D2AAA462ABB0DBC00452F15 /* H4X0R News */,
				0D2AAA572ABB0DBF00452F15 /* H4X0R NewsTests */,
				0D2AAA612ABB0DBF00452F15 /* H4X0R NewsUITests */,
				0D2AAA452ABB0DBC00452F15 /* Products */,
			);
			sourceTree = "<group>";
		};
		0D2AAA452ABB0DBC00452F15 /* Products */ = {
			isa = PBXGroup;
			children = (
				0D2AAA442ABB0DBC00452F15 /* H4X0R News.app */,
				0D2AAA542ABB0DBF00452F15 /* H4X0R NewsTests.xctest */,
				0D2AAA5E2ABB0DBF00452F15 /* H4X0R NewsUITests.xctest */,
			);
			name = Products;
			sourceTree = "<group>";
		};
		0D2AAA462ABB0DBC00452F15 /* H4X0R News */ = {
			isa = PBXGroup;
			children = (
				0D2AAA472ABB0DBC00452F15 /* H4X0R_NewsApp.swift */,
				0D2AAA752ABC751E00452F15 /* Models */,
				0D2AAA782ABCC1DD00452F15 /* Views */,
				0D2AAA712ABC72BA00452F15 /* NetworkManager.swift */,
				0D2AAA4B2ABB0DBF00452F15 /* Assets.xcassets */,
				0D2AAA4D2ABB0DBF00452F15 /* Preview Content */,
			);
			path = "H4X0R News";
			sourceTree = "<group>";
		};
		0D2AAA4D2ABB0DBF00452F15 /* Preview Content */ = {
			isa = PBXGroup;
			children = (
				0D2AAA4E2ABB0DBF00452F15 /* Preview Assets.xcassets */,
			);
			path = "Preview Content";
			sourceTree = "<group>";
		};
		0D2AAA572ABB0DBF00452F15 /* H4X0R NewsTests */ = {
			isa = PBXGroup;
			children = (
				0D2AAA582ABB0DBF00452F15 /* H4X0R_NewsTests.swift */,
			);
			path = "H4X0R NewsTests";
			sourceTree = "<group>";
		};
		0D2AAA612ABB0DBF00452F15 /* H4X0R NewsUITests */ = {
			isa = PBXGroup;
			children = (
				0D2AAA622ABB0DBF00452F15 /* H4X0R_NewsUITests.swift */,
				0D2AAA642ABB0DBF00452F15 /* H4X0R_NewsUITestsLaunchTests.swift */,
			);
			path = "H4X0R NewsUITests";
			sourceTree = "<group>";
		};
		0D2AAA752ABC751E00452F15 /* Models */ = {
			isa = PBXGroup;
			children = (
				0D2AAA732ABC74BE00452F15 /* HackerNewsResponse.swift */,
			);
			path = Models;
			sourceTree = "<group>";
		};
		0D2AAA782ABCC1DD00452F15 /* Views */ = {
			isa = PBXGroup;
			children = (
				0D2AAA492ABB0DBC00452F15 /* ContentView.swift */,
				0D2AAA762ABCC1D100452F15 /* DetailsView.swift */,
				0D2AAA792ABCCA4600452F15 /* WebView.swift */,
			);
			path = Views;
			sourceTree = "<group>";
		};
/* End PBXGroup section */

/* Begin PBXNativeTarget section */
		0D2AAA432ABB0DBC00452F15 /* H4X0R News */ = {
			isa = PBXNativeTarget;
			buildConfigurationList = 0D2AAA682ABB0DBF00452F15 /* Build configuration list for PBXNativeTarget "H4X0R News" */;
			buildPhases = (
				0D2AAA402ABB0DBC00452F15 /* Sources */,
				0D2AAA412ABB0DBC00452F15 /* Frameworks */,
				0D2AAA422ABB0DBC00452F15 /* Resources */,
			);
			buildRules = (
			);
			dependencies = (
			);
			name = "H4X0R News";
			productName = "H4X0R News";
			productReference = 0D2AAA442ABB0DBC00452F15 /* H4X0R News.app */;
			productType = "com.apple.product-type.application";
		};
		0D2AAA532ABB0DBF00452F15 /* H4X0R NewsTests */ = {
			isa = PBXNativeTarget;
			buildConfigurationList = 0D2AAA6B2ABB0DBF00452F15 /* Build configuration list for PBXNativeTarget "H4X0R NewsTests" */;
			buildPhases = (
				0D2AAA502ABB0DBF00452F15 /* Sources */,
				0D2AAA512ABB0DBF00452F15 /* Frameworks */,
				0D2AAA522ABB0DBF00452F15 /* Resources */,
			);
			buildRules = (
			);
			dependencies = (
				0D2AAA562ABB0DBF00452F15 /* PBXTargetDependency */,
			);
			name = "H4X0R NewsTests";
			productName = "H4X0R NewsTests";
			productReference = 0D2AAA542ABB0DBF00452F15 /* H4X0R NewsTests.xctest */;
			productType = "com.apple.product-type.bundle.unit-test";
		};
		0D2AAA5D2ABB0DBF00452F15 /* H4X0R NewsUITests */ = {
			isa = PBXNativeTarget;
			buildConfigurationList = 0D2AAA6E2ABB0DBF00452F15 /* Build configuration list for PBXNativeTarget "H4X0R NewsUITests" */;
			buildPhases = (
				0D2AAA5A2ABB0DBF00452F15 /* Sources */,
				0D2AAA5B2ABB0DBF00452F15 /* Frameworks */,
				0D2AAA5C2ABB0DBF00452F15 /* Resources */,
			);
			buildRules = (
			);
			dependencies = (
				0D2AAA602ABB0DBF00452F15 /* PBXTargetDependency */,
			);
			name = "H4X0R NewsUITests";
			productName = "H4X0R NewsUITests";
			productReference = 0D2AAA5E2ABB0DBF00452F15 /* H4X0R NewsUITests.xctest */;
			productType = "com.apple.product-type.bundle.ui-testing";
		};
/* End PBXNativeTarget section */

/* Begin PBXProject section */
		0D2AAA3C2ABB0DBC00452F15 /* Project object */ = {
			isa = PBXProject;
			attributes = {
				BuildIndependentTargetsInParallel = 1;
				LastSwiftUpdateCheck = 1430;
				LastUpgradeCheck = 1430;
				TargetAttributes = {
					0D2AAA432ABB0DBC00452F15 = {
						CreatedOnToolsVersion = 14.3.1;
					};
					0D2AAA532ABB0DBF00452F15 = {
						CreatedOnToolsVersion = 14.3.1;
						TestTargetID = 0D2AAA432ABB0DBC00452F15;
					};
					0D2AAA5D2ABB0DBF00452F15 = {
						CreatedOnToolsVersion = 14.3.1;
						TestTargetID = 0D2AAA432ABB0DBC00452F15;
					};
				};
			};
			buildConfigurationList = 0D2AAA3F2ABB0DBC00452F15 /* Build configuration list for PBXProject "H4X0R News" */;
			compatibilityVersion = "Xcode 14.0";
			developmentRegion = en;
			hasScannedForEncodings = 0;
			knownRegions = (
				en,
				Base,
			);
			mainGroup = 0D2AAA3B2ABB0DBC00452F15;
			productRefGroup = 0D2AAA452ABB0DBC00452F15 /* Products */;
			projectDirPath = "";
			projectRoot = "";
			targets = (
				0D2AAA432ABB0DBC00452F15 /* H4X0R News */,
				0D2AAA532ABB0DBF00452F15 /* H4X0R NewsTests */,
				0D2AAA5D2ABB0DBF00452F15 /* H4X0R NewsUITests */,
			);
		};
/* End PBXProject section */

/* Begin PBXResourcesBuildPhase section */
		0D2AAA422ABB0DBC00452F15 /* Resources */ = {
			isa = PBXResourcesBuildPhase;
			buildActionMask = 2147483647;
			files = (
				0D2AAA4F2ABB0DBF00452F15 /* Preview Assets.xcassets in Resources */,
				0D2AAA4C2ABB0DBF00452F15 /* Assets.xcassets in Resources */,
			);
			runOnlyForDeploymentPostprocessing = 0;
		};
		0D2AAA522ABB0DBF00452F15 /* Resources */ = {
			isa = PBXResourcesBuildPhase;
			buildActionMask = 2147483647;
			files = (
			);
			runOnlyForDeploymentPostprocessing = 0;
		};
		0D2AAA5C2ABB0DBF00452F15 /* Resources */ = {
			isa = PBXResourcesBuildPhase;
			buildActionMask = 2147483647;
			files = (
			);
			runOnlyForDeploymentPostprocessing = 0;
		};
/* End PBXResourcesBuildPhase section */

/* Begin PBXSourcesBuildPhase section */
		0D2AAA402ABB0DBC00452F15 /* Sources */ = {
			isa = PBXSourcesBuildPhase;
			buildActionMask = 2147483647;
			files = (
				0D2AAA722ABC72BA00452F15 /* NetworkManager.swift in Sources */,
				0D2AAA772ABCC1D100452F15 /* DetailsView.swift in Sources */,
				0D2AAA742ABC74BE00452F15 /* HackerNewsResponse.swift in Sources */,
				0D2AAA7A2ABCCA4600452F15 /* WebView.swift in Sources */,
				0D2AAA4A2ABB0DBC00452F15 /* ContentView.swift in Sources */,
				0D2AAA482ABB0DBC00452F15 /* H4X0R_NewsApp.swift in Sources */,
			);
			runOnlyForDeploymentPostprocessing = 0;
		};
		0D2AAA502ABB0DBF00452F15 /* Sources */ = {
			isa = PBXSourcesBuildPhase;
			buildActionMask = 2147483647;
			files = (
				0D2AAA592ABB0DBF00452F15 /* H4X0R_NewsTests.swift in Sources */,
			);
			runOnlyForDeploymentPostprocessing = 0;
		};
		0D2AAA5A2ABB0DBF00452F15 /* Sources */ = {
			isa = PBXSourcesBuildPhase;
			buildActionMask = 2147483647;
			files = (
				0D2AAA652ABB0DBF00452F15 /* H4X0R_NewsUITestsLaunchTests.swift in Sources */,
				0D2AAA632ABB0DBF00452F15 /* H4X0R_NewsUITests.swift in Sources */,
			);
			runOnlyForDeploymentPostprocessing = 0;
		};
/* End PBXSourcesBuildPhase section */

/* Begin PBXTargetDependency section */
		0D2AAA562ABB0DBF00452F15 /* PBXTargetDependency */ = {
			isa = PBXTargetDependency;
			target = 0D2AAA432ABB0DBC00452F15 /* H4X0R News */;
			targetProxy = 0D2AAA552ABB0DBF00452F15 /* PBXContainerItemProxy */;
		};
		0D2AAA602ABB0DBF00452F15 /* PBXTargetDependency */ = {
			isa = PBXTargetDependency;
			target = 0D2AAA432ABB0DBC00452F15 /* H4X0R News */;
			targetProxy = 0D2AAA5F2ABB0DBF00452F15 /* PBXContainerItemProxy */;
		};
/* End PBXTargetDependency section */

/* Begin XCBuildConfiguration section */
		0D2AAA662ABB0DBF00452F15 /* Debug */ = {
			isa = XCBuildConfiguration;
			buildSettings = {
				ALWAYS_SEARCH_USER_PATHS = NO;
				CLANG_ANALYZER_NONNULL = YES;
				CLANG_ANALYZER_NUMBER_OBJECT_CONVERSION = YES_AGGRESSIVE;
				CLANG_CXX_LANGUAGE_STANDARD = "gnu++20";
				CLANG_ENABLE_MODULES = YES;
				CLANG_ENABLE_OBJC_ARC = YES;
				CLANG_ENABLE_OBJC_WEAK = YES;
				CLANG_WARN_BLOCK_CAPTURE_AUTORELEASING = YES;
				CLANG_WARN_BOOL_CONVERSION = YES;
				CLANG_WARN_COMMA = YES;
				CLANG_WARN_CONSTANT_CONVERSION = YES;
				CLANG_WARN_DEPRECATED_OBJC_IMPLEMENTATIONS = YES;
				CLANG_WARN_DIRECT_OBJC_ISA_USAGE = YES_ERROR;
				CLANG_WARN_DOCUMENTATION_COMMENTS = YES;
				CLANG_WARN_EMPTY_BODY = YES;
				CLANG_WARN_ENUM_CONVERSION = YES;
				CLANG_WARN_INFINITE_RECURSION = YES;
				CLANG_WARN_INT_CONVERSION = YES;
				CLANG_WARN_NON_LITERAL_NULL_CONVERSION = YES;
				CLANG_WARN_OBJC_IMPLICIT_RETAIN_SELF = YES;
				CLANG_WARN_OBJC_LITERAL_CONVERSION = YES;
				CLANG_WARN_OBJC_ROOT_CLASS = YES_ERROR;
				CLANG_WARN_QUOTED_INCLUDE_IN_FRAMEWORK_HEADER = YES;
				CLANG_WARN_RANGE_LOOP_ANALYSIS = YES;
				CLANG_WARN_STRICT_PROTOTYPES = YES;
				CLANG_WARN_SUSPICIOUS_MOVE = YES;
				CLANG_WARN_UNGUARDED_AVAILABILITY = YES_AGGRESSIVE;
				CLANG_WARN_UNREACHABLE_CODE = YES;
				CLANG_WARN__DUPLICATE_METHOD_MATCH = YES;
				COPY_PHASE_STRIP = NO;
				DEBUG_INFORMATION_FORMAT = dwarf;
				ENABLE_STRICT_OBJC_MSGSEND = YES;
				ENABLE_TESTABILITY = YES;
				GCC_C_LANGUAGE_STANDARD = gnu11;
				GCC_DYNAMIC_NO_PIC = NO;
				GCC_NO_COMMON_BLOCKS = YES;
				GCC_OPTIMIZATION_LEVEL = 0;
				GCC_PREPROCESSOR_DEFINITIONS = (
					"DEBUG=1",
					"$(inherited)",
				);
				GCC_WARN_64_TO_32_BIT_CONVERSION = YES;
				GCC_WARN_ABOUT_RETURN_TYPE = YES_ERROR;
				GCC_WARN_UNDECLARED_SELECTOR = YES;
				GCC_WARN_UNINITIALIZED_AUTOS = YES_AGGRESSIVE;
				GCC_WARN_UNUSED_FUNCTION = YES;
				GCC_WARN_UNUSED_VARIABLE = YES;
				IPHONEOS_DEPLOYMENT_TARGET = 16.4;
				MTL_ENABLE_DEBUG_INFO = INCLUDE_SOURCE;
				MTL_FAST_MATH = YES;
				ONLY_ACTIVE_ARCH = YES;
				SDKROOT = iphoneos;
				SWIFT_ACTIVE_COMPILATION_CONDITIONS = DEBUG;
				SWIFT_OPTIMIZATION_LEVEL = "-Onone";
			};
			name = Debug;
		};
		0D2AAA672ABB0DBF00452F15 /* Release */ = {
			isa = XCBuildConfiguration;
			buildSettings = {
				ALWAYS_SEARCH_USER_PATHS = NO;
				CLANG_ANALYZER_NONNULL = YES;
				CLANG_ANALYZER_NUMBER_OBJECT_CONVERSION = YES_AGGRESSIVE;
				CLANG_CXX_LANGUAGE_STANDARD = "gnu++20";
				CLANG_ENABLE_MODULES = YES;
				CLANG_ENABLE_OBJC_ARC = YES;
				CLANG_ENABLE_OBJC_WEAK = YES;
				CLANG_WARN_BLOCK_CAPTURE_AUTORELEASING = YES;
				CLANG_WARN_BOOL_CONVERSION = YES;
				CLANG_WARN_COMMA = YES;
				CLANG_WARN_CONSTANT_CONVERSION = YES;
				CLANG_WARN_DEPRECATED_OBJC_IMPLEMENTATIONS = YES;
				CLANG_WARN_DIRECT_OBJC_ISA_USAGE = YES_ERROR;
				CLANG_WARN_DOCUMENTATION_COMMENTS = YES;
				CLANG_WARN_EMPTY_BODY = YES;
				CLANG_WARN_ENUM_CONVERSION = YES;
				CLANG_WARN_INFINITE_RECURSION = YES;
				CLANG_WARN_INT_CONVERSION = YES;
				CLANG_WARN_NON_LITERAL_NULL_CONVERSION = YES;
				CLANG_WARN_OBJC_IMPLICIT_RETAIN_SELF = YES;
				CLANG_WARN_OBJC_LITERAL_CONVERSION = YES;
				CLANG_WARN_OBJC_ROOT_CLASS = YES_ERROR;
				CLANG_WARN_QUOTED_INCLUDE_IN_FRAMEWORK_HEADER = YES;
				CLANG_WARN_RANGE_LOOP_ANALYSIS = YES;
				CLANG_WARN_STRICT_PROTOTYPES = YES;
				CLANG_WARN_SUSPICIOUS_MOVE = YES;
				CLANG_WARN_UNGUARDED_AVAILABILITY = YES_AGGRESSIVE;
				CLANG_WARN_UNREACHABLE_CODE = YES;
				CLANG_WARN__DUPLICATE_METHOD_MATCH = YES;
				COPY_PHASE_STRIP = NO;
				DEBUG_INFORMATION_FORMAT = "dwarf-with-dsym";
				ENABLE_NS_ASSERTIONS = NO;
				ENABLE_STRICT_OBJC_MSGSEND = YES;
				GCC_C_LANGUAGE_STANDARD = gnu11;
				GCC_NO_COMMON_BLOCKS = YES;
				GCC_WARN_64_TO_32_BIT_CONVERSION = YES;
				GCC_WARN_ABOUT_RETURN_TYPE = YES_ERROR;
				GCC_WARN_UNDECLARED_SELECTOR = YES;
				GCC_WARN_UNINITIALIZED_AUTOS = YES_AGGRESSIVE;
				GCC_WARN_UNUSED_FUNCTION = YES;
				GCC_WARN_UNUSED_VARIABLE = YES;
				IPHONEOS_DEPLOYMENT_TARGET = 16.4;
				MTL_ENABLE_DEBUG_INFO = NO;
				MTL_FAST_MATH = YES;
				SDKROOT = iphoneos;
				SWIFT_COMPILATION_MODE = wholemodule;
				SWIFT_OPTIMIZATION_LEVEL = "-O";
				VALIDATE_PRODUCT = YES;
			};
			name = Release;
		};
		0D2AAA692ABB0DBF00452F15 /* Debug */ = {
			isa = XCBuildConfiguration;
			buildSettings = {
				ASSETCATALOG_COMPILER_APPICON_NAME = AppIcon;
				ASSETCATALOG_COMPILER_GLOBAL_ACCENT_COLOR_NAME = AccentColor;
				CODE_SIGN_STYLE = Automatic;
				CURRENT_PROJECT_VERSION = 1;
				DEVELOPMENT_ASSET_PATHS = "\"H4X0R News/Preview Content\"";
				DEVELOPMENT_TEAM = TZ5XX7NYD9;
				ENABLE_PREVIEWS = YES;
				GENERATE_INFOPLIST_FILE = YES;
				INFOPLIST_KEY_UIApplicationSceneManifest_Generation = YES;
				INFOPLIST_KEY_UIApplicationSupportsIndirectInputEvents = YES;
				INFOPLIST_KEY_UILaunchScreen_Generation = YES;
				INFOPLIST_KEY_UISupportedInterfaceOrientations_iPad = "UIInterfaceOrientationPortrait UIInterfaceOrientationPortraitUpsideDown UIInterfaceOrientationLandscapeLeft UIInterfaceOrientationLandscapeRight";
				INFOPLIST_KEY_UISupportedInterfaceOrientations_iPhone = "UIInterfaceOrientationPortrait UIInterfaceOrientationLandscapeLeft UIInterfaceOrientationLandscapeRight";
				LD_RUNPATH_SEARCH_PATHS = (
					"$(inherited)",
					"@executable_path/Frameworks",
				);
				MARKETING_VERSION = 1.0;
				PRODUCT_BUNDLE_IDENTIFIER = "com.pranit.H4X0R-News";
				PRODUCT_NAME = "$(TARGET_NAME)";
				SWIFT_EMIT_LOC_STRINGS = YES;
				SWIFT_VERSION = 5.0;
				TARGETED_DEVICE_FAMILY = "1,2";
			};
			name = Debug;
		};
		0D2AAA6A2ABB0DBF00452F15 /* Release */ = {
			isa = XCBuildConfiguration;
			buildSettings = {
				ASSETCATALOG_COMPILER_APPICON_NAME = AppIcon;
				ASSETCATALOG_COMPILER_GLOBAL_ACCENT_COLOR_NAME = AccentColor;
				CODE_SIGN_STYLE = Automatic;
				CURRENT_PROJECT_VERSION = 1;
				DEVELOPMENT_ASSET_PATHS = "\"H4X0R News/Preview Content\"";
				DEVELOPMENT_TEAM = TZ5XX7NYD9;
				ENABLE_PREVIEWS = YES;
				GENERATE_INFOPLIST_FILE = YES;
				INFOPLIST_KEY_UIApplicationSceneManifest_Generation = YES;
				INFOPLIST_KEY_UIApplicationSupportsIndirectInputEvents = YES;
				INFOPLIST_KEY_UILaunchScreen_Generation = YES;
				INFOPLIST_KEY_UISupportedInterfaceOrientations_iPad = "UIInterfaceOrientationPortrait UIInterfaceOrientationPortraitUpsideDown UIInterfaceOrientationLandscapeLeft UIInterfaceOrientationLandscapeRight";
				INFOPLIST_KEY_UISupportedInterfaceOrientations_iPhone = "UIInterfaceOrientationPortrait UIInterfaceOrientationLandscapeLeft UIInterfaceOrientationLandscapeRight";
				LD_RUNPATH_SEARCH_PATHS = (
					"$(inherited)",
					"@executable_path/Frameworks",
				);
				MARKETING_VERSION = 1.0;
				PRODUCT_BUNDLE_IDENTIFIER = "com.pranit.H4X0R-News";
				PRODUCT_NAME = "$(TARGET_NAME)";
				SWIFT_EMIT_LOC_STRINGS = YES;
				SWIFT_VERSION = 5.0;
				TARGETED_DEVICE_FAMILY = "1,2";
			};
			name = Release;
		};
		0D2AAA6C2ABB0DBF00452F15 /* Debug */ = {
			isa = XCBuildConfiguration;
			buildSettings = {
				ALWAYS_EMBED_SWIFT_STANDARD_LIBRARIES = YES;
				BUNDLE_LOADER = "$(TEST_HOST)";
				CODE_SIGN_STYLE = Automatic;
				CURRENT_PROJECT_VERSION = 1;
				DEVELOPMENT_TEAM = TZ5XX7NYD9;
				GENERATE_INFOPLIST_FILE = YES;
				IPHONEOS_DEPLOYMENT_TARGET = 16.4;
				MARKETING_VERSION = 1.0;
				PRODUCT_BUNDLE_IDENTIFIER = "com.pranit.H4X0R-NewsTests";
				PRODUCT_NAME = "$(TARGET_NAME)";
				SWIFT_EMIT_LOC_STRINGS = NO;
				SWIFT_VERSION = 5.0;
				TARGETED_DEVICE_FAMILY = "1,2";
				TEST_HOST = "$(BUILT_PRODUCTS_DIR)/H4X0R News.app/$(BUNDLE_EXECUTABLE_FOLDER_PATH)/H4X0R News";
			};
			name = Debug;
		};
		0D2AAA6D2ABB0DBF00452F15 /* Release */ = {
			isa = XCBuildConfiguration;
			buildSettings = {
				ALWAYS_EMBED_SWIFT_STANDARD_LIBRARIES = YES;
				BUNDLE_LOADER = "$(TEST_HOST)";
				CODE_SIGN_STYLE = Automatic;
				CURRENT_PROJECT_VERSION = 1;
				DEVELOPMENT_TEAM = TZ5XX7NYD9;
				GENERATE_INFOPLIST_FILE = YES;
				IPHONEOS_DEPLOYMENT_TARGET = 16.4;
				MARKETING_VERSION = 1.0;
				PRODUCT_BUNDLE_IDENTIFIER = "com.pranit.H4X0R-NewsTests";
				PRODUCT_NAME = "$(TARGET_NAME)";
				SWIFT_EMIT_LOC_STRINGS = NO;
				SWIFT_VERSION = 5.0;
				TARGETED_DEVICE_FAMILY = "1,2";
				TEST_HOST = "$(BUILT_PRODUCTS_DIR)/H4X0R News.app/$(BUNDLE_EXECUTABLE_FOLDER_PATH)/H4X0R News";
			};
			name = Release;
		};
		0D2AAA6F2ABB0DBF00452F15 /* Debug */ = {
			isa = XCBuildConfiguration;
			buildSettings = {
				ALWAYS_EMBED_SWIFT_STANDARD_LIBRARIES = YES;
				CODE_SIGN_STYLE = Automatic;
				CURRENT_PROJECT_VERSION = 1;
				DEVELOPMENT_TEAM = TZ5XX7NYD9;
				GENERATE_INFOPLIST_FILE = YES;
				MARKETING_VERSION = 1.0;
				PRODUCT_BUNDLE_IDENTIFIER = "com.pranit.H4X0R-NewsUITests";
				PRODUCT_NAME = "$(TARGET_NAME)";
				SWIFT_EMIT_LOC_STRINGS = NO;
				SWIFT_VERSION = 5.0;
				TARGETED_DEVICE_FAMILY = "1,2";
				TEST_TARGET_NAME = "H4X0R News";
			};
			name = Debug;
		};
		0D2AAA702ABB0DBF00452F15 /* Release */ = {
			isa = XCBuildConfiguration;
			buildSettings = {
				ALWAYS_EMBED_SWIFT_STANDARD_LIBRARIES = YES;
				CODE_SIGN_STYLE = Automatic;
				CURRENT_PROJECT_VERSION = 1;
				DEVELOPMENT_TEAM = TZ5XX7NYD9;
				GENERATE_INFOPLIST_FILE = YES;
				MARKETING_VERSION = 1.0;
				PRODUCT_BUNDLE_IDENTIFIER = "com.pranit.H4X0R-NewsUITests";
				PRODUCT_NAME = "$(TARGET_NAME)";
				SWIFT_EMIT_LOC_STRINGS = NO;
				SWIFT_VERSION = 5.0;
				TARGETED_DEVICE_FAMILY = "1,2";
				TEST_TARGET_NAME = "H4X0R News";
			};
			name = Release;
		};
/* End XCBuildConfiguration section */

/* Begin XCConfigurationList section */
		0D2AAA3F2ABB0DBC00452F15 /* Build configuration list for PBXProject "H4X0R News" */ = {
			isa = XCConfigurationList;
			buildConfigurations = (
				0D2AAA662ABB0DBF00452F15 /* Debug */,
				0D2AAA672ABB0DBF00452F15 /* Release */,
			);
			defaultConfigurationIsVisible = 0;
			defaultConfigurationName = Release;
		};
		0D2AAA682ABB0DBF00452F15 /* Build configuration list for PBXNativeTarget "H4X0R News" */ = {
			isa = XCConfigurationList;
			buildConfigurations = (
				0D2AAA692ABB0DBF00452F15 /* Debug */,
				0D2AAA6A2ABB0DBF00452F15 /* Release */,
			);
			defaultConfigurationIsVisible = 0;
			defaultConfigurationName = Release;
		};
		0D2AAA6B2ABB0DBF00452F15 /* Build configuration list for PBXNativeTarget "H4X0R NewsTests" */ = {
			isa = XCConfigurationList;
			buildConfigurations = (
				0D2AAA6C2ABB0DBF00452F15 /* Debug */,
				0D2AAA6D2ABB0DBF00452F15 /* Release */,
			);
			defaultConfigurationIsVisible = 0;
			defaultConfigurationName = Release;
		};
		0D2AAA6E2ABB0DBF00452F15 /* Build configuration list for PBXNativeTarget "H4X0R NewsUITests" */ = {
			isa = XCConfigurationList;
			buildConfigurations = (
				0D2AAA6F2ABB0DBF00452F15 /* Debug */,
				0D2AAA702ABB0DBF00452F15 /* Release */,
			);
			defaultConfigurationIsVisible = 0;
			defaultConfigurationName = Release;
		};
/* End XCConfigurationList section */
	};
	rootObject = 0D2AAA3C2ABB0DBC00452F15 /* Project object */;
}
